
Microsoft Visual Studio Solution File, Format Version 12.00
# Visual Studio Version 17
VisualStudioVersion = 17.0.31903.59
MinimumVisualStudioVersion = 10.0.40219.1
Project("{2150E333-8FDC-42A3-9474-1A3956D46DE8}") = "Common", "Common", "{373494BF-18ED-4F8C-9032-64D8760A4125}"
EndProject
Project("{9A19103F-16F7-4668-BE54-9A1E7A4F7556}") = "AUA.ProjectName.Common", "AUA.ProjectName.Common\AUA.ProjectName.Common.csproj", "{921EE3FD-10F3-4474-B627-D70A16CEC706}"
EndProject
Project("{2150E333-8FDC-42A3-9474-1A3956D46DE8}") = "DataLayer", "DataLayer", "{9232BEB2-08A4-4CC4-B4F5-BFB740314520}"
EndProject
Project("{9A19103F-16F7-4668-BE54-9A1E7A4F7556}") = "AUA.ProjectName.DataLayer", "AUA.ProjectName.DataLayer\AUA.ProjectName.DataLayer.csproj", "{06D58324-10B8-4A78-BEFB-EBFAD5121B6E}"
EndProject
Project("{2150E333-8FDC-42A3-9474-1A3956D46DE8}") = "DomainEntities", "DomainEntities", "{4AB6472F-E48A-4D87-9C38-D6D1463F4584}"
EndProject
Project("{9A19103F-16F7-4668-BE54-9A1E7A4F7556}") = "AUA.ProjectName.DomainEntities", "AUA.ProjectName.DomainEntities\AUA.ProjectName.DomainEntities.csproj", "{F9E37BBE-34EF-4ED0-AE8A-84F90C6AB781}"
EndProject
Project("{2150E333-8FDC-42A3-9474-1A3956D46DE8}") = "Models", "Models", "{F41C167D-9A7B-47FF-852F-0527CE9C9256}"
EndProject
Project("{2150E333-8FDC-42A3-9474-1A3956D46DE8}") = "Services", "Services", "{701F2EC3-D646-41F8-BEE5-F371396D7910}"
EndProject
Project("{9A19103F-16F7-4668-BE54-9A1E7A4F7556}") = "AUA.ProjectName.ManualMapping", "AUA.ProjectName.ManualMapping\AUA.ProjectName.ManualMapping.csproj", "{DD1F13EB-02E9-4DA0-A569-BAFB369DD62B}"
EndProject
Project("{9A19103F-16F7-4668-BE54-9A1E7A4F7556}") = "AUA.ProjectName.Models", "AUA.ProjectName.Models\AUA.ProjectName.Models.csproj", "{028ADB2D-F7CC-4DF2-B9BD-B2B32A5AEEE1}"
EndProject
Project("{9A19103F-16F7-4668-BE54-9A1E7A4F7556}") = "AUA.ProjectName.InMemoryServices", "AUA.ProjectName.InMemoryServices\AUA.ProjectName.InMemoryServices.csproj", "{EEE437B5-5A3F-4A25-B0BB-95BEA198C977}"
EndProject
Project("{9A19103F-16F7-4668-BE54-9A1E7A4F7556}") = "AUA.ProjectName.Services", "AUA.ProjectName.Services\AUA.ProjectName.Services.csproj", "{7787D24E-16AF-4CE2-A41E-E4B5CA9107CA}"
EndProject
Project("{9A19103F-16F7-4668-BE54-9A1E7A4F7556}") = "AUA.ProjectName.ValidationServices", "AUA.ProjectName.ValidationServices\AUA.ProjectName.ValidationServices.csproj", "{103AF885-47CB-4C0D-98B0-5DDF841CFAC9}"
EndProject
Project("{2150E333-8FDC-42A3-9474-1A3956D46DE8}") = "Tests", "Tests", "{21782E8B-E43F-41E9-88A8-4A05C8B2E8C9}"
EndProject
Project("{2150E333-8FDC-42A3-9474-1A3956D46DE8}") = "WebEndpoints", "WebEndpoints", "{415EB006-AFD7-46A3-9718-24C35B9AC02E}"
EndProject
Project("{9A19103F-16F7-4668-BE54-9A1E7A4F7556}") = "AUA.ProjectName.WebApi", "AUA.ProjectName.WebApi\AUA.ProjectName.WebApi.csproj", "{60FE5E3A-83B4-455A-B613-C30499559B09}"
EndProject
Project("{2150E333-8FDC-42A3-9474-1A3956D46DE8}") = "_Documents", "_Documents", "{46C2D9B5-D7E4-427D-A8FE-280183C56594}"
EndProject
Project("{2150E333-8FDC-42A3-9474-1A3956D46DE8}") = "Diagram", "Diagram", "{FB84A11F-9A0F-4122-B4AD-96192114814D}"
	ProjectSection(SolutionItems) = preProject
		C:\Users\ABC\Desktop\_Documents\Diagram\ReadMe.txt = C:\Users\ABC\Desktop\_Documents\Diagram\ReadMe.txt
	EndProjectSection
EndProject
Project("{2150E333-8FDC-42A3-9474-1A3956D46DE8}") = "Implement Documents", "Implement Documents", "{49A1701C-60E5-48AD-9843-881CA81D0941}"
EndProject
Project("{2150E333-8FDC-42A3-9474-1A3956D46DE8}") = "Tables", "Tables", "{4FE44032-5833-4D9D-9216-03D19B9D0883}"
EndProject
Project("{2150E333-8FDC-42A3-9474-1A3956D46DE8}") = "Accounting", "Accounting", "{2B7FB43F-810F-4B2C-8BF4-043CBDB41D06}"
	ProjectSection(SolutionItems) = preProject
		C:\Users\ABC\Desktop\_Documents\Diagram\Accounting\Accounting.drawio = C:\Users\ABC\Desktop\_Documents\Diagram\Accounting\Accounting.drawio
		C:\Users\ABC\Desktop\_Documents\Diagram\Accounting\Accounting.png = C:\Users\ABC\Desktop\_Documents\Diagram\Accounting\Accounting.png
	EndProjectSection
EndProject
Project("{2150E333-8FDC-42A3-9474-1A3956D46DE8}") = "Accounting", "Accounting", "{0C41901D-E9B3-4CB0-8127-033514CDB76D}"
	ProjectSection(SolutionItems) = preProject
		C:\Users\ABC\Desktop\_Documents\Tables\Accounting\AppUser.docx = C:\Users\ABC\Desktop\_Documents\Tables\Accounting\AppUser.docx
		C:\Users\ABC\Desktop\_Documents\Tables\Accounting\Role.docx = C:\Users\ABC\Desktop\_Documents\Tables\Accounting\Role.docx
		C:\Users\ABC\Desktop\_Documents\Tables\Accounting\UserAccess.docx = C:\Users\ABC\Desktop\_Documents\Tables\Accounting\UserAccess.docx
		C:\Users\ABC\Desktop\_Documents\Tables\Accounting\UserRole.docx = C:\Users\ABC\Desktop\_Documents\Tables\Accounting\UserRole.docx
		C:\Users\ABC\Desktop\_Documents\Tables\Accounting\UserRoleAccess.docx = C:\Users\ABC\Desktop\_Documents\Tables\Accounting\UserRoleAccess.docx
	EndProjectSection
EndProject
Project("{9A19103F-16F7-4668-BE54-9A1E7A4F7556}") = "AUA.ProjectName.Tests", "AUA.ProjectName.Tests\AUA.ProjectName.Tests.csproj", "{0B38BCD1-BB0A-4848-A337-5B4F0DB71A96}"
EndProject
Project("{2150E333-8FDC-42A3-9474-1A3956D46DE8}") = "Messaging", "Messaging", "{537F8154-74E2-4CDA-BD84-8242BA9A4C4A}"
EndProject
Project("{2150E333-8FDC-42A3-9474-1A3956D46DE8}") = "RabbitMqSamples", "RabbitMqSamples", "{ADB7DA6A-EB5E-4027-90A1-558F8BD07A1D}"
EndProject
Project("{2150E333-8FDC-42A3-9474-1A3956D46DE8}") = "Shared", "Shared", "{04EA93D3-61C5-4698-B402-434A98445323}"
EndProject
Project("{9A19103F-16F7-4668-BE54-9A1E7A4F7556}") = "RabbitMqSamples.Core", "AUA.ProjectName.Messaging\RabbitMqSamples\Shared\RabbitMqSamples.Core\RabbitMqSamples.Core.csproj", "{D8BE6602-E9B1-4ABE-B386-55342CECB946}"
EndProject
Project("{9A19103F-16F7-4668-BE54-9A1E7A4F7556}") = "RabbitMqSamples.Toolkit", "AUA.ProjectName.Messaging\RabbitMqSamples\Shared\RabbitMqSamples.Toolkit\RabbitMqSamples.Toolkit.csproj", "{41E70ECC-B3A9-4DA7-9F91-E49B82B43687}"
EndProject
Project("{2150E333-8FDC-42A3-9474-1A3956D46DE8}") = "Worker", "Worker", "{13C4D7A1-2CBE-454D-9915-1499D090DA31}"
EndProject
Project("{9A19103F-16F7-4668-BE54-9A1E7A4F7556}") = "RabbitMqSamples.Worker.Consumer", "AUA.ProjectName.Messaging\RabbitMqSamples\Worker\RabbitMqSamples.Worker.Consumer\RabbitMqSamples.Worker.Consumer.csproj", "{7B358FCB-651D-48B1-BC73-EF7E3C86B180}"
EndProject
Project("{9A19103F-16F7-4668-BE54-9A1E7A4F7556}") = "RabbitMqSamples.Worker.Publisher", "AUA.ProjectName.Messaging\RabbitMqSamples\Worker\RabbitMqSamples.Worker.Publisher\RabbitMqSamples.Worker.Publisher.csproj", "{908864A4-5F50-425C-80E9-A17ECAC73873}"
EndProject
Project("{2150E333-8FDC-42A3-9474-1A3956D46DE8}") = "PubSub", "PubSub", "{8406D99F-BDFB-4328-9E2A-CE59ECC0C305}"
EndProject
Project("{FAE04EC0-301F-11D3-BF4B-00C04F79EFBC}") = "RabbitMqSamples.PubSub.Pub", "AUA.ProjectName.Messaging\RabbitMqSamples\PubSub\RabbitMqSamples.PubSub.Pub\RabbitMqSamples.PubSub.Pub.csproj", "{33E6F983-9668-42A9-AE10-93B79C4216FB}"
EndProject
Project("{FAE04EC0-301F-11D3-BF4B-00C04F79EFBC}") = "RabbitMqSamples.PubSub.Sub", "AUA.ProjectName.Messaging\RabbitMqSamples\PubSub\RabbitMqSamples.PubSub.Sub\RabbitMqSamples.PubSub.Sub.csproj", "{D4666569-855C-4EFF-8D61-BE62C890F2DE}"
EndProject
Global
	GlobalSection(SolutionConfigurationPlatforms) = preSolution
		Debug|Any CPU = Debug|Any CPU
		Release|Any CPU = Release|Any CPU
	EndGlobalSection
	GlobalSection(ProjectConfigurationPlatforms) = postSolution
		{921EE3FD-10F3-4474-B627-D70A16CEC706}.Debug|Any CPU.ActiveCfg = Debug|Any CPU
		{921EE3FD-10F3-4474-B627-D70A16CEC706}.Debug|Any CPU.Build.0 = Debug|Any CPU
		{921EE3FD-10F3-4474-B627-D70A16CEC706}.Release|Any CPU.ActiveCfg = Release|Any CPU
		{921EE3FD-10F3-4474-B627-D70A16CEC706}.Release|Any CPU.Build.0 = Release|Any CPU
		{06D58324-10B8-4A78-BEFB-EBFAD5121B6E}.Debug|Any CPU.ActiveCfg = Debug|Any CPU
		{06D58324-10B8-4A78-BEFB-EBFAD5121B6E}.Debug|Any CPU.Build.0 = Debug|Any CPU
		{06D58324-10B8-4A78-BEFB-EBFAD5121B6E}.Release|Any CPU.ActiveCfg = Release|Any CPU
		{06D58324-10B8-4A78-BEFB-EBFAD5121B6E}.Release|Any CPU.Build.0 = Release|Any CPU
		{F9E37BBE-34EF-4ED0-AE8A-84F90C6AB781}.Debug|Any CPU.ActiveCfg = Debug|Any CPU
		{F9E37BBE-34EF-4ED0-AE8A-84F90C6AB781}.Debug|Any CPU.Build.0 = Debug|Any CPU
		{F9E37BBE-34EF-4ED0-AE8A-84F90C6AB781}.Release|Any CPU.ActiveCfg = Release|Any CPU
		{F9E37BBE-34EF-4ED0-AE8A-84F90C6AB781}.Release|Any CPU.Build.0 = Release|Any CPU
		{DD1F13EB-02E9-4DA0-A569-BAFB369DD62B}.Debug|Any CPU.ActiveCfg = Debug|Any CPU
		{DD1F13EB-02E9-4DA0-A569-BAFB369DD62B}.Debug|Any CPU.Build.0 = Debug|Any CPU
		{DD1F13EB-02E9-4DA0-A569-BAFB369DD62B}.Release|Any CPU.ActiveCfg = Release|Any CPU
		{DD1F13EB-02E9-4DA0-A569-BAFB369DD62B}.Release|Any CPU.Build.0 = Release|Any CPU
		{028ADB2D-F7CC-4DF2-B9BD-B2B32A5AEEE1}.Debug|Any CPU.ActiveCfg = Debug|Any CPU
		{028ADB2D-F7CC-4DF2-B9BD-B2B32A5AEEE1}.Debug|Any CPU.Build.0 = Debug|Any CPU
		{028ADB2D-F7CC-4DF2-B9BD-B2B32A5AEEE1}.Release|Any CPU.ActiveCfg = Release|Any CPU
		{028ADB2D-F7CC-4DF2-B9BD-B2B32A5AEEE1}.Release|Any CPU.Build.0 = Release|Any CPU
		{EEE437B5-5A3F-4A25-B0BB-95BEA198C977}.Debug|Any CPU.ActiveCfg = Debug|Any CPU
		{EEE437B5-5A3F-4A25-B0BB-95BEA198C977}.Debug|Any CPU.Build.0 = Debug|Any CPU
		{EEE437B5-5A3F-4A25-B0BB-95BEA198C977}.Release|Any CPU.ActiveCfg = Release|Any CPU
		{EEE437B5-5A3F-4A25-B0BB-95BEA198C977}.Release|Any CPU.Build.0 = Release|Any CPU
		{7787D24E-16AF-4CE2-A41E-E4B5CA9107CA}.Debug|Any CPU.ActiveCfg = Debug|Any CPU
		{7787D24E-16AF-4CE2-A41E-E4B5CA9107CA}.Debug|Any CPU.Build.0 = Debug|Any CPU
		{7787D24E-16AF-4CE2-A41E-E4B5CA9107CA}.Release|Any CPU.ActiveCfg = Release|Any CPU
		{7787D24E-16AF-4CE2-A41E-E4B5CA9107CA}.Release|Any CPU.Build.0 = Release|Any CPU
		{103AF885-47CB-4C0D-98B0-5DDF841CFAC9}.Debug|Any CPU.ActiveCfg = Debug|Any CPU
		{103AF885-47CB-4C0D-98B0-5DDF841CFAC9}.Debug|Any CPU.Build.0 = Debug|Any CPU
		{103AF885-47CB-4C0D-98B0-5DDF841CFAC9}.Release|Any CPU.ActiveCfg = Release|Any CPU
		{103AF885-47CB-4C0D-98B0-5DDF841CFAC9}.Release|Any CPU.Build.0 = Release|Any CPU
		{60FE5E3A-83B4-455A-B613-C30499559B09}.Debug|Any CPU.ActiveCfg = Debug|Any CPU
		{60FE5E3A-83B4-455A-B613-C30499559B09}.Debug|Any CPU.Build.0 = Debug|Any CPU
		{60FE5E3A-83B4-455A-B613-C30499559B09}.Release|Any CPU.ActiveCfg = Release|Any CPU
		{60FE5E3A-83B4-455A-B613-C30499559B09}.Release|Any CPU.Build.0 = Release|Any CPU
		{0B38BCD1-BB0A-4848-A337-5B4F0DB71A96}.Debug|Any CPU.ActiveCfg = Debug|Any CPU
		{0B38BCD1-BB0A-4848-A337-5B4F0DB71A96}.Debug|Any CPU.Build.0 = Debug|Any CPU
		{0B38BCD1-BB0A-4848-A337-5B4F0DB71A96}.Release|Any CPU.ActiveCfg = Release|Any CPU
		{0B38BCD1-BB0A-4848-A337-5B4F0DB71A96}.Release|Any CPU.Build.0 = Release|Any CPU
		{D8BE6602-E9B1-4ABE-B386-55342CECB946}.Debug|Any CPU.ActiveCfg = Debug|Any CPU
		{D8BE6602-E9B1-4ABE-B386-55342CECB946}.Debug|Any CPU.Build.0 = Debug|Any CPU
		{D8BE6602-E9B1-4ABE-B386-55342CECB946}.Release|Any CPU.ActiveCfg = Release|Any CPU
		{D8BE6602-E9B1-4ABE-B386-55342CECB946}.Release|Any CPU.Build.0 = Release|Any CPU
		{41E70ECC-B3A9-4DA7-9F91-E49B82B43687}.Debug|Any CPU.ActiveCfg = Debug|Any CPU
		{41E70ECC-B3A9-4DA7-9F91-E49B82B43687}.Debug|Any CPU.Build.0 = Debug|Any CPU
		{41E70ECC-B3A9-4DA7-9F91-E49B82B43687}.Release|Any CPU.ActiveCfg = Release|Any CPU
		{41E70ECC-B3A9-4DA7-9F91-E49B82B43687}.Release|Any CPU.Build.0 = Release|Any CPU
		{7B358FCB-651D-48B1-BC73-EF7E3C86B180}.Debug|Any CPU.ActiveCfg = Debug|Any CPU
		{7B358FCB-651D-48B1-BC73-EF7E3C86B180}.Debug|Any CPU.Build.0 = Debug|Any CPU
		{7B358FCB-651D-48B1-BC73-EF7E3C86B180}.Release|Any CPU.ActiveCfg = Release|Any CPU
		{7B358FCB-651D-48B1-BC73-EF7E3C86B180}.Release|Any CPU.Build.0 = Release|Any CPU
		{908864A4-5F50-425C-80E9-A17ECAC73873}.Debug|Any CPU.ActiveCfg = Debug|Any CPU
		{908864A4-5F50-425C-80E9-A17ECAC73873}.Debug|Any CPU.Build.0 = Debug|Any CPU
		{908864A4-5F50-425C-80E9-A17ECAC73873}.Release|Any CPU.ActiveCfg = Release|Any CPU
		{908864A4-5F50-425C-80E9-A17ECAC73873}.Release|Any CPU.Build.0 = Release|Any CPU
		{33E6F983-9668-42A9-AE10-93B79C4216FB}.Debug|Any CPU.ActiveCfg = Debug|Any CPU
		{33E6F983-9668-42A9-AE10-93B79C4216FB}.Debug|Any CPU.Build.0 = Debug|Any CPU
		{33E6F983-9668-42A9-AE10-93B79C4216FB}.Release|Any CPU.ActiveCfg = Release|Any CPU
		{33E6F983-9668-42A9-AE10-93B79C4216FB}.Release|Any CPU.Build.0 = Release|Any CPU
		{D4666569-855C-4EFF-8D61-BE62C890F2DE}.Debug|Any CPU.ActiveCfg = Debug|Any CPU
		{D4666569-855C-4EFF-8D61-BE62C890F2DE}.Debug|Any CPU.Build.0 = Debug|Any CPU
		{D4666569-855C-4EFF-8D61-BE62C890F2DE}.Release|Any CPU.ActiveCfg = Release|Any CPU
		{D4666569-855C-4EFF-8D61-BE62C890F2DE}.Release|Any CPU.Build.0 = Release|Any CPU
	EndGlobalSection
	GlobalSection(SolutionProperties) = preSolution
		HideSolutionNode = FALSE
	EndGlobalSection
	GlobalSection(NestedProjects) = preSolution
		{921EE3FD-10F3-4474-B627-D70A16CEC706} = {373494BF-18ED-4F8C-9032-64D8760A4125}
		{06D58324-10B8-4A78-BEFB-EBFAD5121B6E} = {9232BEB2-08A4-4CC4-B4F5-BFB740314520}
		{F9E37BBE-34EF-4ED0-AE8A-84F90C6AB781} = {4AB6472F-E48A-4D87-9C38-D6D1463F4584}
		{DD1F13EB-02E9-4DA0-A569-BAFB369DD62B} = {F41C167D-9A7B-47FF-852F-0527CE9C9256}
		{028ADB2D-F7CC-4DF2-B9BD-B2B32A5AEEE1} = {F41C167D-9A7B-47FF-852F-0527CE9C9256}
		{EEE437B5-5A3F-4A25-B0BB-95BEA198C977} = {701F2EC3-D646-41F8-BEE5-F371396D7910}
		{7787D24E-16AF-4CE2-A41E-E4B5CA9107CA} = {701F2EC3-D646-41F8-BEE5-F371396D7910}
		{103AF885-47CB-4C0D-98B0-5DDF841CFAC9} = {701F2EC3-D646-41F8-BEE5-F371396D7910}
		{60FE5E3A-83B4-455A-B613-C30499559B09} = {415EB006-AFD7-46A3-9718-24C35B9AC02E}
		{FB84A11F-9A0F-4122-B4AD-96192114814D} = {46C2D9B5-D7E4-427D-A8FE-280183C56594}
		{49A1701C-60E5-48AD-9843-881CA81D0941} = {46C2D9B5-D7E4-427D-A8FE-280183C56594}
		{4FE44032-5833-4D9D-9216-03D19B9D0883} = {46C2D9B5-D7E4-427D-A8FE-280183C56594}
		{2B7FB43F-810F-4B2C-8BF4-043CBDB41D06} = {FB84A11F-9A0F-4122-B4AD-96192114814D}
		{0C41901D-E9B3-4CB0-8127-033514CDB76D} = {4FE44032-5833-4D9D-9216-03D19B9D0883}
		{0B38BCD1-BB0A-4848-A337-5B4F0DB71A96} = {21782E8B-E43F-41E9-88A8-4A05C8B2E8C9}
		{ADB7DA6A-EB5E-4027-90A1-558F8BD07A1D} = {537F8154-74E2-4CDA-BD84-8242BA9A4C4A}
		{04EA93D3-61C5-4698-B402-434A98445323} = {ADB7DA6A-EB5E-4027-90A1-558F8BD07A1D}
		{D8BE6602-E9B1-4ABE-B386-55342CECB946} = {04EA93D3-61C5-4698-B402-434A98445323}
		{41E70ECC-B3A9-4DA7-9F91-E49B82B43687} = {04EA93D3-61C5-4698-B402-434A98445323}
		{13C4D7A1-2CBE-454D-9915-1499D090DA31} = {ADB7DA6A-EB5E-4027-90A1-558F8BD07A1D}
		{7B358FCB-651D-48B1-BC73-EF7E3C86B180} = {13C4D7A1-2CBE-454D-9915-1499D090DA31}
		{908864A4-5F50-425C-80E9-A17ECAC73873} = {13C4D7A1-2CBE-454D-9915-1499D090DA31}
		{8406D99F-BDFB-4328-9E2A-CE59ECC0C305} = {ADB7DA6A-EB5E-4027-90A1-558F8BD07A1D}
		{33E6F983-9668-42A9-AE10-93B79C4216FB} = {8406D99F-BDFB-4328-9E2A-CE59ECC0C305}
		{D4666569-855C-4EFF-8D61-BE62C890F2DE} = {8406D99F-BDFB-4328-9E2A-CE59ECC0C305}
	EndGlobalSection
	GlobalSection(ExtensibilityGlobals) = postSolution
		SolutionGuid = {DF9A9555-9CC8-4BBD-B6E1-9B933F6530E8}
	EndGlobalSection
EndGlobal
